
Microsoft Visual Studio Solution File, Format Version 12.00
# Visual Studio Version 17
VisualStudioVersion = 17.11.35327.3
MinimumVisualStudioVersion = 10.0.40219.1
Project("{9A19103F-16F7-4668-BE54-9A1E7A4F7556}") = "ConsoleApp3", "ConsoleApp3.csproj", "{9D3A4963-2A15-49D3-921A-AD03EA3F0FB9}"
EndProject
Project("{FAE04EC0-301F-11D3-BF4B-00C04F79EFBC}") = "Zadachi", "..\Zadachi\Zadachi.csproj", "{A24E913F-0B77-4BB3-933E-9B5CA611477D}"
EndProject
Global
	GlobalSection(SolutionConfigurationPlatforms) = preSolution
		Debug|Any CPU = Debug|Any CPU
		Release|Any CPU = Release|Any CPU
	EndGlobalSection
	GlobalSection(ProjectConfigurationPlatforms) = postSolution
		{9D3A4963-2A15-49D3-921A-AD03EA3F0FB9}.Debug|Any CPU.ActiveCfg = Debug|Any CPU
		{9D3A4963-2A15-49D3-921A-AD03EA3F0FB9}.Debug|Any CPU.Build.0 = Debug|Any CPU
		{9D3A4963-2A15-49D3-921A-AD03EA3F0FB9}.Release|Any CPU.ActiveCfg = Release|Any CPU
		{9D3A4963-2A15-49D3-921A-AD03EA3F0FB9}.Release|Any CPU.Build.0 = Release|Any CPU
		{A24E913F-0B77-4BB3-933E-9B5CA611477D}.Debug|Any CPU.ActiveCfg = Debug|Any CPU
		{A24E913F-0B77-4BB3-933E-9B5CA611477D}.Debug|Any CPU.Build.0 = Debug|Any CPU
		{A24E913F-0B77-4BB3-933E-9B5CA611477D}.Release|Any CPU.ActiveCfg = Release|Any CPU
		{A24E913F-0B77-4BB3-933E-9B5CA611477D}.Release|Any CPU.Build.0 = Release|Any CPU
	EndGlobalSection
	GlobalSection(SolutionProperties) = preSolution
		HideSolutionNode = FALSE
	EndGlobalSection
	GlobalSection(ExtensibilityGlobals) = postSolution
		SolutionGuid = {049476A3-06C7-4C4E-88E2-17370D4FA52F}
	EndGlobalSection
EndGlobal
